
Microsoft Visual Studio Solution File, Format Version 12.00
# Visual Studio 15
VisualStudioVersion = 15.0.27703.2047
MinimumVisualStudioVersion = 10.0.40219.1
Project("{8BC9CEB8-8B4A-11D0-8D11-00A0C91BC942}") = "ctermtools_dll", "ctermtools_vs\ctermtools_vs.vcxproj", "{70780951-AFDE-4377-A473-9D80004F0400}"
EndProject
Project("{8BC9CEB8-8B4A-11D0-8D11-00A0C91BC942}") = "ctermtools_test", "ctermtools_test\ctermtools_test.vcxproj", "{54A979D6-7832-4087-9343-772BCC86B939}"
	ProjectSection(ProjectDependencies) = postProject
		{70780951-AFDE-4377-A473-9D80004F0400} = {70780951-AFDE-4377-A473-9D80004F0400}
	EndProjectSection
EndProject
Global
	GlobalSection(SolutionConfigurationPlatforms) = preSolution
		Debug|x64 = Debug|x64
		Debug|x86 = Debug|x86
		Release|x64 = Release|x64
		Release|x86 = Release|x86
	EndGlobalSection
	GlobalSection(ProjectConfigurationPlatforms) = postSolution
		{70780951-AFDE-4377-A473-9D80004F0400}.Debug|x64.ActiveCfg = Debug|x64
		{70780951-AFDE-4377-A473-9D80004F0400}.Debug|x64.Build.0 = Debug|x64
		{70780951-AFDE-4377-A473-9D80004F0400}.Debug|x86.ActiveCfg = Debug|Win32
		{70780951-AFDE-4377-A473-9D80004F0400}.Debug|x86.Build.0 = Debug|Win32
		{70780951-AFDE-4377-A473-9D80004F0400}.Release|x64.ActiveCfg = Release|x64
		{70780951-AFDE-4377-A473-9D80004F0400}.Release|x64.Build.0 = Release|x64
		{70780951-AFDE-4377-A473-9D80004F0400}.Release|x86.ActiveCfg = Release|Win32
		{70780951-AFDE-4377-A473-9D80004F0400}.Release|x86.Build.0 = Release|Win32
		{54A979D6-7832-4087-9343-772BCC86B939}.Debug|x64.ActiveCfg = Debug|x64
		{54A979D6-7832-4087-9343-772BCC86B939}.Debug|x64.Build.0 = Debug|x64
		{54A979D6-7832-4087-9343-772BCC86B939}.Debug|x86.ActiveCfg = Debug|Win32
		{54A979D6-7832-4087-9343-772BCC86B939}.Debug|x86.Build.0 = Debug|Win32
		{54A979D6-7832-4087-9343-772BCC86B939}.Release|x64.ActiveCfg = Release|x64
		{54A979D6-7832-4087-9343-772BCC86B939}.Release|x64.Build.0 = Release|x64
		{54A979D6-7832-4087-9343-772BCC86B939}.Release|x86.ActiveCfg = Release|Win32
		{54A979D6-7832-4087-9343-772BCC86B939}.Release|x86.Build.0 = Release|Win32
	EndGlobalSection
	GlobalSection(SolutionProperties) = preSolution
		HideSolutionNode = FALSE
	EndGlobalSection
	GlobalSection(ExtensibilityGlobals) = postSolution
		SolutionGuid = {CF5E2EEE-5107-46EA-A556-C8D0796D8BF8}
	EndGlobalSection
EndGlobal
